
Microsoft Visual Studio Solution File, Format Version 12.00
# Visual Studio Version 17
VisualStudioVersion = 17.1.32407.343
MinimumVisualStudioVersion = 10.0.40219.1
Project("{9A19103F-16F7-4668-BE54-9A1E7A4F7556}") = "CustomerDetails", "CustomerDetails\CustomerDetails.csproj", "{78BB1DA5-FB38-4617-842A-353E70F1CDFD}"
EndProject
Project("{9A19103F-16F7-4668-BE54-9A1E7A4F7556}") = "CustomerDetails.Core", "CustomerDetails.Core\CustomerDetails.Core.csproj", "{2476E2ED-0BB3-4DF0-B32A-C1D0B2E76231}"
EndProject
Project("{9A19103F-16F7-4668-BE54-9A1E7A4F7556}") = "CustomerDetails.Api", "CustomerDetails.Api\CustomerDetails.Api.csproj", "{F412A278-789A-459F-AFDD-BC4515CDBA4D}"
EndProject
Project("{9A19103F-16F7-4668-BE54-9A1E7A4F7556}") = "CustomerDetails.Tests", "CustomerDetails.Tests\CustomerDetails.Tests.csproj", "{8799DA26-0C2D-4A2E-9483-1FB3183946C5}"
EndProject
Project("{FAE04EC0-301F-11D3-BF4B-00C04F79EFBC}") = "CustomerDetails.Providers", "CustomerDetails.Providers\CustomerDetails.Providers.csproj", "{F4ED8A28-6666-4B81-B3B5-9C7DD032B465}"
EndProject
Global
	GlobalSection(SolutionConfigurationPlatforms) = preSolution
		Debug|Any CPU = Debug|Any CPU
		Release|Any CPU = Release|Any CPU
	EndGlobalSection
	GlobalSection(ProjectConfigurationPlatforms) = postSolution
		{78BB1DA5-FB38-4617-842A-353E70F1CDFD}.Debug|Any CPU.ActiveCfg = Debug|Any CPU
		{78BB1DA5-FB38-4617-842A-353E70F1CDFD}.Debug|Any CPU.Build.0 = Debug|Any CPU
		{78BB1DA5-FB38-4617-842A-353E70F1CDFD}.Release|Any CPU.ActiveCfg = Release|Any CPU
		{78BB1DA5-FB38-4617-842A-353E70F1CDFD}.Release|Any CPU.Build.0 = Release|Any CPU
		{2476E2ED-0BB3-4DF0-B32A-C1D0B2E76231}.Debug|Any CPU.ActiveCfg = Debug|Any CPU
		{2476E2ED-0BB3-4DF0-B32A-C1D0B2E76231}.Debug|Any CPU.Build.0 = Debug|Any CPU
		{2476E2ED-0BB3-4DF0-B32A-C1D0B2E76231}.Release|Any CPU.ActiveCfg = Release|Any CPU
		{2476E2ED-0BB3-4DF0-B32A-C1D0B2E76231}.Release|Any CPU.Build.0 = Release|Any CPU
		{F412A278-789A-459F-AFDD-BC4515CDBA4D}.Debug|Any CPU.ActiveCfg = Debug|Any CPU
		{F412A278-789A-459F-AFDD-BC4515CDBA4D}.Debug|Any CPU.Build.0 = Debug|Any CPU
		{F412A278-789A-459F-AFDD-BC4515CDBA4D}.Release|Any CPU.ActiveCfg = Release|Any CPU
		{F412A278-789A-459F-AFDD-BC4515CDBA4D}.Release|Any CPU.Build.0 = Release|Any CPU
		{8799DA26-0C2D-4A2E-9483-1FB3183946C5}.Debug|Any CPU.ActiveCfg = Debug|Any CPU
		{8799DA26-0C2D-4A2E-9483-1FB3183946C5}.Debug|Any CPU.Build.0 = Debug|Any CPU
		{8799DA26-0C2D-4A2E-9483-1FB3183946C5}.Release|Any CPU.ActiveCfg = Release|Any CPU
		{8799DA26-0C2D-4A2E-9483-1FB3183946C5}.Release|Any CPU.Build.0 = Release|Any CPU
		{F4ED8A28-6666-4B81-B3B5-9C7DD032B465}.Debug|Any CPU.ActiveCfg = Debug|Any CPU
		{F4ED8A28-6666-4B81-B3B5-9C7DD032B465}.Debug|Any CPU.Build.0 = Debug|Any CPU
		{F4ED8A28-6666-4B81-B3B5-9C7DD032B465}.Release|Any CPU.ActiveCfg = Release|Any CPU
		{F4ED8A28-6666-4B81-B3B5-9C7DD032B465}.Release|Any CPU.Build.0 = Release|Any CPU
	EndGlobalSection
	GlobalSection(SolutionProperties) = preSolution
		HideSolutionNode = FALSE
	EndGlobalSection
	GlobalSection(ExtensibilityGlobals) = postSolution
		SolutionGuid = {803EAA2E-0F2E-41FA-AA61-4915537FCD83}
	EndGlobalSection
EndGlobal
